
Microsoft Visual Studio Solution File, Format Version 12.00
# Visual Studio Version 17
VisualStudioVersion = 17.8.34330.188
MinimumVisualStudioVersion = 10.0.40219.1
Project("{9A19103F-16F7-4668-BE54-9A1E7A4F7556}") = "Bakcop.Entity", "..\Bakcop.Entity\Bakcop.Entity.csproj", "{0086B625-E5D4-46A5-AAB4-E238F58CBA21}"
EndProject
Project("{9A19103F-16F7-4668-BE54-9A1E7A4F7556}") = "Bakcop.DataAccess", "..\Bakcop.DataAccess\Bakcop.DataAccess.csproj", "{48526EE7-EDDA-4B8D-B724-BFD8E6D08942}"
EndProject
Project("{9A19103F-16F7-4668-BE54-9A1E7A4F7556}") = "Bakcop.Core", "..\Bakcop.Core\Bakcop.Core.csproj", "{ED0069A2-78CC-41AB-98AC-03BED50B19DF}"
EndProject
Project("{9A19103F-16F7-4668-BE54-9A1E7A4F7556}") = "Bakcop.Business", "..\Bakcop.Business\Bakcop.Business.csproj", "{9EFC22A7-F924-4028-B334-BF1F71B8A6A5}"
EndProject
Project("{FAE04EC0-301F-11D3-BF4B-00C04F79EFBC}") = "Bakcop.API", "..\Bakcop.API\Bakcop.API.csproj", "{A9435F2C-5CE6-4A05-A7A7-216E8C0E0C13}"
EndProject
Global
	GlobalSection(SolutionConfigurationPlatforms) = preSolution
		Debug|Any CPU = Debug|Any CPU
		Release|Any CPU = Release|Any CPU
	EndGlobalSection
	GlobalSection(ProjectConfigurationPlatforms) = postSolution
		{0086B625-E5D4-46A5-AAB4-E238F58CBA21}.Debug|Any CPU.ActiveCfg = Debug|Any CPU
		{0086B625-E5D4-46A5-AAB4-E238F58CBA21}.Debug|Any CPU.Build.0 = Debug|Any CPU
		{0086B625-E5D4-46A5-AAB4-E238F58CBA21}.Release|Any CPU.ActiveCfg = Release|Any CPU
		{0086B625-E5D4-46A5-AAB4-E238F58CBA21}.Release|Any CPU.Build.0 = Release|Any CPU
		{48526EE7-EDDA-4B8D-B724-BFD8E6D08942}.Debug|Any CPU.ActiveCfg = Debug|Any CPU
		{48526EE7-EDDA-4B8D-B724-BFD8E6D08942}.Debug|Any CPU.Build.0 = Debug|Any CPU
		{48526EE7-EDDA-4B8D-B724-BFD8E6D08942}.Release|Any CPU.ActiveCfg = Release|Any CPU
		{48526EE7-EDDA-4B8D-B724-BFD8E6D08942}.Release|Any CPU.Build.0 = Release|Any CPU
		{ED0069A2-78CC-41AB-98AC-03BED50B19DF}.Debug|Any CPU.ActiveCfg = Debug|Any CPU
		{ED0069A2-78CC-41AB-98AC-03BED50B19DF}.Debug|Any CPU.Build.0 = Debug|Any CPU
		{ED0069A2-78CC-41AB-98AC-03BED50B19DF}.Release|Any CPU.ActiveCfg = Release|Any CPU
		{ED0069A2-78CC-41AB-98AC-03BED50B19DF}.Release|Any CPU.Build.0 = Release|Any CPU
		{9EFC22A7-F924-4028-B334-BF1F71B8A6A5}.Debug|Any CPU.ActiveCfg = Debug|Any CPU
		{9EFC22A7-F924-4028-B334-BF1F71B8A6A5}.Debug|Any CPU.Build.0 = Debug|Any CPU
		{9EFC22A7-F924-4028-B334-BF1F71B8A6A5}.Release|Any CPU.ActiveCfg = Release|Any CPU
		{9EFC22A7-F924-4028-B334-BF1F71B8A6A5}.Release|Any CPU.Build.0 = Release|Any CPU
		{A9435F2C-5CE6-4A05-A7A7-216E8C0E0C13}.Debug|Any CPU.ActiveCfg = Debug|Any CPU
		{A9435F2C-5CE6-4A05-A7A7-216E8C0E0C13}.Debug|Any CPU.Build.0 = Debug|Any CPU
		{A9435F2C-5CE6-4A05-A7A7-216E8C0E0C13}.Release|Any CPU.ActiveCfg = Release|Any CPU
		{A9435F2C-5CE6-4A05-A7A7-216E8C0E0C13}.Release|Any CPU.Build.0 = Release|Any CPU
	EndGlobalSection
	GlobalSection(SolutionProperties) = preSolution
		HideSolutionNode = FALSE
	EndGlobalSection
	GlobalSection(ExtensibilityGlobals) = postSolution
		SolutionGuid = {7FDB3FE9-B3C1-496F-A046-3CB272C5C4E6}
	EndGlobalSection
EndGlobal
